
Microsoft Visual Studio Solution File, Format Version 12.00
# Visual Studio Version 17
VisualStudioVersion = 17.4.33110.190
MinimumVisualStudioVersion = 10.0.40219.1
Project("{2150E333-8FDC-42A3-9474-1A3956D46DE8}") = "src", "src", "{7C4F2CD7-BEA1-4D0E-979B-69824C488BBC}"
EndProject
Project("{2150E333-8FDC-42A3-9474-1A3956D46DE8}") = "tests", "tests", "{FA62A668-D7CD-4016-9FA1-8D942FAB50FC}"
EndProject
Project("{9A19103F-16F7-4668-BE54-9A1E7A4F7556}") = "Domain", "Domain\Domain.csproj", "{835FCF61-4B00-4160-B888-D8AA9EF81DEA}"
EndProject
Project("{9A19103F-16F7-4668-BE54-9A1E7A4F7556}") = "Application", "Application\Application.csproj", "{5843BF53-4E21-496C-A628-4845C54527C0}"
EndProject
Project("{9A19103F-16F7-4668-BE54-9A1E7A4F7556}") = "Persistence", "Persistence\Persistence.csproj", "{8B34C58A-64D4-4D5B-9F19-375A84310AB4}"
EndProject
Project("{9A19103F-16F7-4668-BE54-9A1E7A4F7556}") = "API", "API\API.csproj", "{85E96670-F404-401C-8B68-1FBD6AA51F04}"
EndProject
Project("{9A19103F-16F7-4668-BE54-9A1E7A4F7556}") = "Localization", "Localization\Localization.csproj", "{C7A862CB-9256-4A56-9630-99BB8DE35AFC}"
EndProject
Project("{2150E333-8FDC-42A3-9474-1A3956D46DE8}") = "Presentation", "Presentation", "{135E26BE-275E-4562-A022-D49FD91906DF}"
EndProject
Project("{54A90642-561A-4BB1-A94E-469ADEE60C69}") = "CP", "CP\CP.esproj", "{8A64CB09-3EB3-4CA7-9477-3F219DB971DA}"
EndProject
Project("{2150E333-8FDC-42A3-9474-1A3956D46DE8}") = "Core", "Core", "{765A3520-A7A6-4F7D-A7A1-7431E00F3959}"
EndProject
Project("{2150E333-8FDC-42A3-9474-1A3956D46DE8}") = "Infrastructure", "Infrastructure", "{04768428-1050-464C-89BB-B60DF252E7E5}"
EndProject
Global
	GlobalSection(SolutionConfigurationPlatforms) = preSolution
		Debug|Any CPU = Debug|Any CPU
		Release|Any CPU = Release|Any CPU
	EndGlobalSection
	GlobalSection(ProjectConfigurationPlatforms) = postSolution
		{835FCF61-4B00-4160-B888-D8AA9EF81DEA}.Debug|Any CPU.ActiveCfg = Debug|Any CPU
		{835FCF61-4B00-4160-B888-D8AA9EF81DEA}.Debug|Any CPU.Build.0 = Debug|Any CPU
		{835FCF61-4B00-4160-B888-D8AA9EF81DEA}.Release|Any CPU.ActiveCfg = Release|Any CPU
		{835FCF61-4B00-4160-B888-D8AA9EF81DEA}.Release|Any CPU.Build.0 = Release|Any CPU
		{5843BF53-4E21-496C-A628-4845C54527C0}.Debug|Any CPU.ActiveCfg = Debug|Any CPU
		{5843BF53-4E21-496C-A628-4845C54527C0}.Debug|Any CPU.Build.0 = Debug|Any CPU
		{5843BF53-4E21-496C-A628-4845C54527C0}.Release|Any CPU.ActiveCfg = Release|Any CPU
		{5843BF53-4E21-496C-A628-4845C54527C0}.Release|Any CPU.Build.0 = Release|Any CPU
		{8B34C58A-64D4-4D5B-9F19-375A84310AB4}.Debug|Any CPU.ActiveCfg = Debug|Any CPU
		{8B34C58A-64D4-4D5B-9F19-375A84310AB4}.Debug|Any CPU.Build.0 = Debug|Any CPU
		{8B34C58A-64D4-4D5B-9F19-375A84310AB4}.Release|Any CPU.ActiveCfg = Release|Any CPU
		{8B34C58A-64D4-4D5B-9F19-375A84310AB4}.Release|Any CPU.Build.0 = Release|Any CPU
		{85E96670-F404-401C-8B68-1FBD6AA51F04}.Debug|Any CPU.ActiveCfg = Debug|Any CPU
		{85E96670-F404-401C-8B68-1FBD6AA51F04}.Debug|Any CPU.Build.0 = Debug|Any CPU
		{85E96670-F404-401C-8B68-1FBD6AA51F04}.Release|Any CPU.ActiveCfg = Release|Any CPU
		{85E96670-F404-401C-8B68-1FBD6AA51F04}.Release|Any CPU.Build.0 = Release|Any CPU
		{C7A862CB-9256-4A56-9630-99BB8DE35AFC}.Debug|Any CPU.ActiveCfg = Debug|Any CPU
		{C7A862CB-9256-4A56-9630-99BB8DE35AFC}.Debug|Any CPU.Build.0 = Debug|Any CPU
		{C7A862CB-9256-4A56-9630-99BB8DE35AFC}.Release|Any CPU.ActiveCfg = Release|Any CPU
		{C7A862CB-9256-4A56-9630-99BB8DE35AFC}.Release|Any CPU.Build.0 = Release|Any CPU
		{8A64CB09-3EB3-4CA7-9477-3F219DB971DA}.Debug|Any CPU.ActiveCfg = Debug|Any CPU
		{8A64CB09-3EB3-4CA7-9477-3F219DB971DA}.Debug|Any CPU.Build.0 = Debug|Any CPU
		{8A64CB09-3EB3-4CA7-9477-3F219DB971DA}.Debug|Any CPU.Deploy.0 = Debug|Any CPU
		{8A64CB09-3EB3-4CA7-9477-3F219DB971DA}.Release|Any CPU.ActiveCfg = Release|Any CPU
		{8A64CB09-3EB3-4CA7-9477-3F219DB971DA}.Release|Any CPU.Build.0 = Release|Any CPU
		{8A64CB09-3EB3-4CA7-9477-3F219DB971DA}.Release|Any CPU.Deploy.0 = Release|Any CPU
	EndGlobalSection
	GlobalSection(SolutionProperties) = preSolution
		HideSolutionNode = FALSE
	EndGlobalSection
	GlobalSection(NestedProjects) = preSolution
		{835FCF61-4B00-4160-B888-D8AA9EF81DEA} = {765A3520-A7A6-4F7D-A7A1-7431E00F3959}
		{5843BF53-4E21-496C-A628-4845C54527C0} = {765A3520-A7A6-4F7D-A7A1-7431E00F3959}
		{8B34C58A-64D4-4D5B-9F19-375A84310AB4} = {04768428-1050-464C-89BB-B60DF252E7E5}
		{85E96670-F404-401C-8B68-1FBD6AA51F04} = {135E26BE-275E-4562-A022-D49FD91906DF}
		{C7A862CB-9256-4A56-9630-99BB8DE35AFC} = {765A3520-A7A6-4F7D-A7A1-7431E00F3959}
		{135E26BE-275E-4562-A022-D49FD91906DF} = {7C4F2CD7-BEA1-4D0E-979B-69824C488BBC}
		{8A64CB09-3EB3-4CA7-9477-3F219DB971DA} = {135E26BE-275E-4562-A022-D49FD91906DF}
		{765A3520-A7A6-4F7D-A7A1-7431E00F3959} = {7C4F2CD7-BEA1-4D0E-979B-69824C488BBC}
		{04768428-1050-464C-89BB-B60DF252E7E5} = {7C4F2CD7-BEA1-4D0E-979B-69824C488BBC}
	EndGlobalSection
	GlobalSection(ExtensibilityGlobals) = postSolution
		SolutionGuid = {29D3AA6A-84FA-4D1A-9181-A4A5E8944D45}
	EndGlobalSection
EndGlobal
